
Microsoft Visual Studio Solution File, Format Version 12.00
# Visual Studio Version 16
VisualStudioVersion = 16.0.29521.150
MinimumVisualStudioVersion = 10.0.40219.1
Project("{9A19103F-16F7-4668-BE54-9A1E7A4F7556}") = "BlazorTest", "BlazorTest\BlazorTest.csproj", "{EBB02B54-29F3-4483-8459-D1630B350CF8}"
EndProject
Global
	GlobalSection(SolutionConfigurationPlatforms) = preSolution
		Debug|Any CPU = Debug|Any CPU
		Release|Any CPU = Release|Any CPU
	EndGlobalSection
	GlobalSection(ProjectConfigurationPlatforms) = postSolution
		{EBB02B54-29F3-4483-8459-D1630B350CF8}.Debug|Any CPU.ActiveCfg = Debug|Any CPU
		{EBB02B54-29F3-4483-8459-D1630B350CF8}.Debug|Any CPU.Build.0 = Debug|Any CPU
		{EBB02B54-29F3-4483-8459-D1630B350CF8}.Release|Any CPU.ActiveCfg = Release|Any CPU
		{EBB02B54-29F3-4483-8459-D1630B350CF8}.Release|Any CPU.Build.0 = Release|Any CPU
	EndGlobalSection
	GlobalSection(SolutionProperties) = preSolution
		HideSolutionNode = FALSE
	EndGlobalSection
	GlobalSection(ExtensibilityGlobals) = postSolution
		SolutionGuid = {9A9EE771-96E9-4979-8F8B-AD99923E869A}
	EndGlobalSection
EndGlobal
